
Microsoft Visual Studio Solution File, Format Version 12.00
# Visual Studio Version 16
VisualStudioVersion = 16.0.30002.166
MinimumVisualStudioVersion = 10.0.40219.1
Project("{FAE04EC0-301F-11D3-BF4B-00C04F79EFBC}") = "CourseRegistration", "CourseRegistration\CourseRegistration.csproj", "{D9B8D8AE-435F-434F-81A8-60287DAA4F0B}"
EndProject
Global
	GlobalSection(SolutionConfigurationPlatforms) = preSolution
		Debug|Any CPU = Debug|Any CPU
		Release|Any CPU = Release|Any CPU
	EndGlobalSection
	GlobalSection(ProjectConfigurationPlatforms) = postSolution
		{D9B8D8AE-435F-434F-81A8-60287DAA4F0B}.Debug|Any CPU.ActiveCfg = Debug|Any CPU
		{D9B8D8AE-435F-434F-81A8-60287DAA4F0B}.Debug|Any CPU.Build.0 = Debug|Any CPU
		{D9B8D8AE-435F-434F-81A8-60287DAA4F0B}.Release|Any CPU.ActiveCfg = Release|Any CPU
		{D9B8D8AE-435F-434F-81A8-60287DAA4F0B}.Release|Any CPU.Build.0 = Release|Any CPU
	EndGlobalSection
	GlobalSection(SolutionProperties) = preSolution
		HideSolutionNode = FALSE
	EndGlobalSection
	GlobalSection(ExtensibilityGlobals) = postSolution
		SolutionGuid = {A19BF485-F0DC-4A6D-8324-2AEC3001A3D9}
	EndGlobalSection
EndGlobal
